
Microsoft Visual Studio Solution File, Format Version 12.00
# Visual Studio Version 17
VisualStudioVersion = 17.2.32630.192
MinimumVisualStudioVersion = 10.0.40219.1
Project("{9A19103F-16F7-4668-BE54-9A1E7A4F7556}") = "ClassManagerAPI", "ClassManagerAPI\ClassManagerAPI.csproj", "{5B767727-30B7-4201-A340-826724D4D12E}"
EndProject
Project("{9A19103F-16F7-4668-BE54-9A1E7A4F7556}") = "CloudManagement", "CloudManagement\CloudManagement.csproj", "{43810133-C625-48D0-BF4C-97C2DBF13038}"
EndProject
Project("{9A19103F-16F7-4668-BE54-9A1E7A4F7556}") = "ClassManagerTests", "ClassManagerTests\ClassManagerTests.csproj", "{B8F885C5-2640-4C4A-9FE6-D23D162C7FCC}"
EndProject
Project("{FAE04EC0-301F-11D3-BF4B-00C04F79EFBC}") = "Security", "Security\Security.csproj", "{F91C5C8F-5700-48E3-8F7D-9D9AD03E9FEC}"
EndProject
Global
	GlobalSection(SolutionConfigurationPlatforms) = preSolution
		Debug|Any CPU = Debug|Any CPU
		Release|Any CPU = Release|Any CPU
	EndGlobalSection
	GlobalSection(ProjectConfigurationPlatforms) = postSolution
		{5B767727-30B7-4201-A340-826724D4D12E}.Debug|Any CPU.ActiveCfg = Debug|Any CPU
		{5B767727-30B7-4201-A340-826724D4D12E}.Debug|Any CPU.Build.0 = Debug|Any CPU
		{5B767727-30B7-4201-A340-826724D4D12E}.Release|Any CPU.ActiveCfg = Release|Any CPU
		{5B767727-30B7-4201-A340-826724D4D12E}.Release|Any CPU.Build.0 = Release|Any CPU
		{43810133-C625-48D0-BF4C-97C2DBF13038}.Debug|Any CPU.ActiveCfg = Debug|Any CPU
		{43810133-C625-48D0-BF4C-97C2DBF13038}.Debug|Any CPU.Build.0 = Debug|Any CPU
		{43810133-C625-48D0-BF4C-97C2DBF13038}.Release|Any CPU.ActiveCfg = Release|Any CPU
		{43810133-C625-48D0-BF4C-97C2DBF13038}.Release|Any CPU.Build.0 = Release|Any CPU
		{B8F885C5-2640-4C4A-9FE6-D23D162C7FCC}.Debug|Any CPU.ActiveCfg = Debug|Any CPU
		{B8F885C5-2640-4C4A-9FE6-D23D162C7FCC}.Debug|Any CPU.Build.0 = Debug|Any CPU
		{B8F885C5-2640-4C4A-9FE6-D23D162C7FCC}.Release|Any CPU.ActiveCfg = Release|Any CPU
		{B8F885C5-2640-4C4A-9FE6-D23D162C7FCC}.Release|Any CPU.Build.0 = Release|Any CPU
		{F91C5C8F-5700-48E3-8F7D-9D9AD03E9FEC}.Debug|Any CPU.ActiveCfg = Debug|Any CPU
		{F91C5C8F-5700-48E3-8F7D-9D9AD03E9FEC}.Debug|Any CPU.Build.0 = Debug|Any CPU
		{F91C5C8F-5700-48E3-8F7D-9D9AD03E9FEC}.Release|Any CPU.ActiveCfg = Release|Any CPU
		{F91C5C8F-5700-48E3-8F7D-9D9AD03E9FEC}.Release|Any CPU.Build.0 = Release|Any CPU
	EndGlobalSection
	GlobalSection(SolutionProperties) = preSolution
		HideSolutionNode = FALSE
	EndGlobalSection
	GlobalSection(ExtensibilityGlobals) = postSolution
		SolutionGuid = {9A02D76B-45B5-4BDD-9455-338053800D75}
	EndGlobalSection
EndGlobal
