
Microsoft Visual Studio Solution File, Format Version 12.00
# Visual Studio Version 17
VisualStudioVersion = 17.2.32616.157
MinimumVisualStudioVersion = 10.0.40219.1
Project("{FAE04EC0-301F-11D3-BF4B-00C04F79EFBC}") = "classmanagerapi", "classmanagerapi\classmanagerapi.csproj", "{9C4BABA2-EBB8-4958-BAE5-68C9B0F0F498}"
EndProject
Global
	GlobalSection(SolutionConfigurationPlatforms) = preSolution
		Debug|Any CPU = Debug|Any CPU
		Release|Any CPU = Release|Any CPU
	EndGlobalSection
	GlobalSection(ProjectConfigurationPlatforms) = postSolution
		{9C4BABA2-EBB8-4958-BAE5-68C9B0F0F498}.Debug|Any CPU.ActiveCfg = Debug|Any CPU
		{9C4BABA2-EBB8-4958-BAE5-68C9B0F0F498}.Debug|Any CPU.Build.0 = Debug|Any CPU
		{9C4BABA2-EBB8-4958-BAE5-68C9B0F0F498}.Release|Any CPU.ActiveCfg = Release|Any CPU
		{9C4BABA2-EBB8-4958-BAE5-68C9B0F0F498}.Release|Any CPU.Build.0 = Release|Any CPU
	EndGlobalSection
	GlobalSection(SolutionProperties) = preSolution
		HideSolutionNode = FALSE
	EndGlobalSection
	GlobalSection(ExtensibilityGlobals) = postSolution
		SolutionGuid = {7EE7372C-71A0-4FE8-B90E-D32BEC14D7C0}
	EndGlobalSection
EndGlobal
